{
  "pins" : [
    {
      "identity" : "alertkit",
      "kind" : "remoteSourceControl",
      "location" : "https://github.com/sparrowcode/AlertKit",
      "state" : {
        "revision" : "3c7acb28451f1b1d2b9d815280ab1276963544e7",
        "version" : "5.1.7"
      }
    },
    {
      "identity" : "friendly-urlsession",
      "kind" : "remoteSourceControl",
      "location" : "https://github.com/kefaxoo/friendly-urlsession",
      "state" : {
        "branch" : "main",
        "revision" : "dff497585614e34f13dcc308f76a604a4f63fc27"
      }
    },
    {
      "identity" : "realm-core",
      "kind" : "remoteSourceControl",
      "location" : "https://github.com/realm/realm-core.git",
      "state" : {
        "revision" : "c569bec4d04da84030d94f376437bc4efda3686b",
        "version" : "13.23.1"
      }
    },
    {
      "identity" : "realm-swift",
      "kind" : "remoteSourceControl",
      "location" : "https://github.com/realm/realm-swift",
      "state" : {
        "revision" : "fd199ce07edb4db69e862f74151b95602aad3b43",
        "version" : "10.44.0"
      }
    },
    {
      "identity" : "snapkit",
      "kind" : "remoteSourceControl",
      "location" : "https://github.com/SnapKit/SnapKit",
      "state" : {
        "revision" : "f222cbdf325885926566172f6f5f06af95473158",
        "version" : "5.6.0"
      }
    }
  ],
  "version" : 2
}
